
Microsoft Visual Studio Solution File, Format Version 12.00
# Visual Studio 15
VisualStudioVersion = 15.0.27004.2010
MinimumVisualStudioVersion = 10.0.40219.1
Project("{FAE04EC0-301F-11D3-BF4B-00C04F79EFBC}") = "Lab2.2", "Lab2.2\Lab2.2.csproj", "{3249A323-43C3-47CC-8EFC-4B8B2558B571}"
EndProject
Global
	GlobalSection(SolutionConfigurationPlatforms) = preSolution
		Debug|Any CPU = Debug|Any CPU
		Release|Any CPU = Release|Any CPU
	EndGlobalSection
	GlobalSection(ProjectConfigurationPlatforms) = postSolution
		{3249A323-43C3-47CC-8EFC-4B8B2558B571}.Debug|Any CPU.ActiveCfg = Debug|Any CPU
		{3249A323-43C3-47CC-8EFC-4B8B2558B571}.Debug|Any CPU.Build.0 = Debug|Any CPU
		{3249A323-43C3-47CC-8EFC-4B8B2558B571}.Release|Any CPU.ActiveCfg = Release|Any CPU
		{3249A323-43C3-47CC-8EFC-4B8B2558B571}.Release|Any CPU.Build.0 = Release|Any CPU
	EndGlobalSection
	GlobalSection(SolutionProperties) = preSolution
		HideSolutionNode = FALSE
	EndGlobalSection
	GlobalSection(ExtensibilityGlobals) = postSolution
		SolutionGuid = {EE901DDE-E92A-47AF-B6FA-D2265AAFBA17}
	EndGlobalSection
EndGlobal
